
Microsoft Visual Studio Solution File, Format Version 12.00
# Visual Studio Version 17
VisualStudioVersion = 17.0.31717.71
MinimumVisualStudioVersion = 10.0.40219.1
Project("{9A19103F-16F7-4668-BE54-9A1E7A4F7556}") = "Mvvm.Navigation.Core", "src\libs\Mvvm.Navigation.Core\Mvvm.Navigation.Core.csproj", "{25E33381-06C1-4AC0-B875-622F01B1359A}"
EndProject
Project("{2150E333-8FDC-42A3-9474-1A3956D46DE8}") = "libs", "libs", "{A81088C2-A6AF-4CB6-8F36-DF8C0E6D45B3}"
	ProjectSection(SolutionItems) = preProject
		src\libs\Directory.Build.props = src\libs\Directory.Build.props
		src\libs\Mvvm.Navigation.Shared\Shared.props = src\libs\Mvvm.Navigation.Shared\Shared.props
	EndProjectSection
EndProject
Project("{9A19103F-16F7-4668-BE54-9A1E7A4F7556}") = "Mvvm.Navigation.Wpf", "src\libs\Mvvm.Navigation.Wpf\Mvvm.Navigation.Wpf.csproj", "{65786107-E646-452E-B899-EDD26D09E401}"
EndProject
Project("{2150E333-8FDC-42A3-9474-1A3956D46DE8}") = "Solution Items", "Solution Items", "{9972D12E-4770-4883-AE5D-98412271DE83}"
	ProjectSection(SolutionItems) = preProject
		.gitignore = .gitignore
		.github\dependabot.yml = .github\dependabot.yml
		src\Directory.Build.props = src\Directory.Build.props
		.github\workflows\dotnet.yml = .github\workflows\dotnet.yml
		LICENSE = LICENSE
		.github\workflows\pull-request.yml = .github\workflows\pull-request.yml
		.github\dependabot.yml = .github\dependabot.yml
		.github\workflows\github-pages.yml = .github\workflows\github-pages.yml
	EndProjectSection
EndProject
Project("{9A19103F-16F7-4668-BE54-9A1E7A4F7556}") = "Mvvm.Navigation.Uwp", "src\libs\Mvvm.Navigation.Uwp\Mvvm.Navigation.Uwp.csproj", "{16A17957-6DE3-4874-B0B6-08404C23FBBE}"
EndProject
Project("{9A19103F-16F7-4668-BE54-9A1E7A4F7556}") = "Mvvm.Navigation.Uno", "src\libs\Mvvm.Navigation.Uno\Mvvm.Navigation.Uno.csproj", "{F5EB3A73-1D93-42F7-9757-26B486D74592}"
EndProject
Project("{2150E333-8FDC-42A3-9474-1A3956D46DE8}") = "apps", "apps", "{464A41EC-E4D1-4BC3-93BD-A48E3449A4BD}"
	ProjectSection(SolutionItems) = preProject
		src\apps\Mvvm.Apps.Shared\Mvvm.Apps.Shared.props = src\apps\Mvvm.Apps.Shared\Mvvm.Apps.Shared.props
		src\apps\Mvvm.Apps.WinUI.Shared\Mvvm.Apps.WinUI.Shared.props = src\apps\Mvvm.Apps.WinUI.Shared\Mvvm.Apps.WinUI.Shared.props
	EndProjectSection
EndProject
Project("{9A19103F-16F7-4668-BE54-9A1E7A4F7556}") = "Mvvm.Navigation.Uno.WinUI", "src\libs\Mvvm.Navigation.Uno.WinUI\Mvvm.Navigation.Uno.WinUI.csproj", "{A7ED566D-2E7E-4A3C-8A91-874B4DFAB115}"
EndProject
Project("{9A19103F-16F7-4668-BE54-9A1E7A4F7556}") = "Mvvm.Navigation.WinUI", "src\libs\Mvvm.Navigation.WinUI\Mvvm.Navigation.WinUI.csproj", "{74CCD32D-DBCD-43C6-9DE1-7148D09B4ECF}"
EndProject
Project("{9A19103F-16F7-4668-BE54-9A1E7A4F7556}") = "Mvvm.Navigation.Avalonia", "src\libs\Mvvm.Navigation.Avalonia\Mvvm.Navigation.Avalonia.csproj", "{612C6672-9991-4DAA-AE72-1FD2194528CD}"
EndProject
Project("{9A19103F-16F7-4668-BE54-9A1E7A4F7556}") = "Mvvm.Apps.Core", "src\apps\Mvvm.Apps.Core\Mvvm.Apps.Core.csproj", "{A5ED6C75-E468-4819-A513-EEBE49B7DAF4}"
EndProject
Project("{9A19103F-16F7-4668-BE54-9A1E7A4F7556}") = "Mvvm.Apps.Avalonia", "src\apps\Mvvm.Apps.Avalonia\Mvvm.Apps.Avalonia.csproj", "{2F17A5A4-B5CD-470D-9711-F9B1E24EA1AC}"
EndProject
Project("{FAE04EC0-301F-11D3-BF4B-00C04F79EFBC}") = "Mvvm.Apps.Uwp", "src\apps\Mvvm.Apps.Uwp\Mvvm.Apps.Uwp.csproj", "{2B65E186-B9E6-4CEF-9AE6-478C6DE59BC4}"
EndProject
Project("{9A19103F-16F7-4668-BE54-9A1E7A4F7556}") = "Mvvm.Apps.WinUI", "src\apps\Mvvm.Apps.WinUI\Mvvm.Apps.WinUI.csproj", "{70B22142-13ED-444F-B6A7-4583505EC8DB}"
EndProject
Project("{9A19103F-16F7-4668-BE54-9A1E7A4F7556}") = "Mvvm.Apps.Wpf", "src\apps\Mvvm.Apps.Wpf\Mvvm.Apps.Wpf.csproj", "{E84AFC6C-DF9C-44C6-8878-52560A351EC3}"
EndProject
Project("{9A19103F-16F7-4668-BE54-9A1E7A4F7556}") = "Mvvm.Navigation.Maui", "src\libs\Mvvm.Navigation.Maui\Mvvm.Navigation.Maui.csproj", "{41636DB3-9F07-47F0-9C4E-44C5DECE1119}"
EndProject
Project("{9A19103F-16F7-4668-BE54-9A1E7A4F7556}") = "Mvvm.Apps.Maui", "src\apps\Mvvm.Apps.Maui\Mvvm.Apps.Maui.csproj", "{2B9BACA3-7166-4276-BC84-BF38536F6165}"
EndProject
Project("{2150E333-8FDC-42A3-9474-1A3956D46DE8}") = "analyzers", "analyzers", "{A2E06CAF-95FD-4CA1-A5DC-40E6F7BE0544}"
EndProject
Project("{9A19103F-16F7-4668-BE54-9A1E7A4F7556}") = "Mvvm.Navigation.Generators", "src\analyzers\Mvvm.Navigation.Generators\Mvvm.Navigation.Generators.csproj", "{F9B19604-7CC7-4CB0-97A2-93C3F12F9F0B}"
EndProject
Project("{2150E333-8FDC-42A3-9474-1A3956D46DE8}") = "tests", "tests", "{D973995E-E7ED-4FBD-BFE2-9E8E212E2675}"
EndProject
Project("{9A19103F-16F7-4668-BE54-9A1E7A4F7556}") = "Mvvm.Navigation.Generators.SnapshotTests", "src\tests\Mvvm.Navigation.Generators.SnapshotTests\Mvvm.Navigation.Generators.SnapshotTests.csproj", "{E047566D-8DC9-4434-A493-EC2A8DC81F1B}"
EndProject
Project("{9A19103F-16F7-4668-BE54-9A1E7A4F7556}") = "Mvvm.Navigation.Generators.IntegrationTests", "src\tests\Mvvm.Navigation.Generators.IntegrationTests\Mvvm.Navigation.Generators.IntegrationTests.csproj", "{3814EC98-30A2-4384-A261-F37F5B25C190}"
EndProject
Project("{2150E333-8FDC-42A3-9474-1A3956D46DE8}") = "Uno", "Uno", "{E0DB62E9-38FB-4706-8E05-10CF403CDD1A}"
	ProjectSection(SolutionItems) = preProject
		src\apps\Uno\Mvvm.Apps.Uno.Base\base.props = src\apps\Uno\Mvvm.Apps.Uno.Base\base.props
		src\apps\Uno\Directory.Build.targets = src\apps\Uno\Directory.Build.targets
	EndProjectSection
EndProject
Project("{9A19103F-16F7-4668-BE54-9A1E7A4F7556}") = "Mvvm.Apps.Uno", "src\apps\Uno\Mvvm.Apps.Uno\Mvvm.Apps.Uno.csproj", "{D7D29B49-E040-4BBA-B43D-5A249CC25103}"
EndProject
Project("{9A19103F-16F7-4668-BE54-9A1E7A4F7556}") = "Mvvm.Apps.Uno.Mobile", "src\apps\Uno\Mvvm.Apps.Uno.Mobile\Mvvm.Apps.Uno.Mobile.csproj", "{FC9783AA-472E-4A07-B346-6A6B17DDBE0A}"
EndProject
Project("{9A19103F-16F7-4668-BE54-9A1E7A4F7556}") = "Mvvm.Apps.Uno.WebAssembly", "src\apps\Uno\Mvvm.Apps.Uno.WebAssembly\Mvvm.Apps.Uno.WebAssembly.csproj", "{0DE9F79C-3E96-4961-BDC8-3CA2B60BF051}"
EndProject
Project("{9A19103F-16F7-4668-BE54-9A1E7A4F7556}") = "Mvvm.Apps.Core.DesignTime", "src\apps\Mvvm.Apps.Core.DesignTime\Mvvm.Apps.Core.DesignTime.csproj", "{FF1F222C-1F08-46F9-BA48-41FEAE01CBCF}"
EndProject
Global
	GlobalSection(SolutionConfigurationPlatforms) = preSolution
		Debug|Any CPU = Debug|Any CPU
		Debug|ARM = Debug|ARM
		Debug|arm64 = Debug|arm64
		Debug|x64 = Debug|x64
		Debug|x86 = Debug|x86
		Release|Any CPU = Release|Any CPU
		Release|ARM = Release|ARM
		Release|arm64 = Release|arm64
		Release|x64 = Release|x64
		Release|x86 = Release|x86
	EndGlobalSection
	GlobalSection(ProjectConfigurationPlatforms) = postSolution
		{25E33381-06C1-4AC0-B875-622F01B1359A}.Debug|Any CPU.ActiveCfg = Debug|Any CPU
		{25E33381-06C1-4AC0-B875-622F01B1359A}.Debug|Any CPU.Build.0 = Debug|Any CPU
		{25E33381-06C1-4AC0-B875-622F01B1359A}.Debug|ARM.ActiveCfg = Debug|Any CPU
		{25E33381-06C1-4AC0-B875-622F01B1359A}.Debug|ARM.Build.0 = Debug|Any CPU
		{25E33381-06C1-4AC0-B875-622F01B1359A}.Debug|arm64.ActiveCfg = Debug|Any CPU
		{25E33381-06C1-4AC0-B875-622F01B1359A}.Debug|arm64.Build.0 = Debug|Any CPU
		{25E33381-06C1-4AC0-B875-622F01B1359A}.Debug|x64.ActiveCfg = Debug|Any CPU
		{25E33381-06C1-4AC0-B875-622F01B1359A}.Debug|x64.Build.0 = Debug|Any CPU
		{25E33381-06C1-4AC0-B875-622F01B1359A}.Debug|x86.ActiveCfg = Debug|Any CPU
		{25E33381-06C1-4AC0-B875-622F01B1359A}.Debug|x86.Build.0 = Debug|Any CPU
		{25E33381-06C1-4AC0-B875-622F01B1359A}.Release|Any CPU.ActiveCfg = Release|Any CPU
		{25E33381-06C1-4AC0-B875-622F01B1359A}.Release|Any CPU.Build.0 = Release|Any CPU
		{25E33381-06C1-4AC0-B875-622F01B1359A}.Release|ARM.ActiveCfg = Release|Any CPU
		{25E33381-06C1-4AC0-B875-622F01B1359A}.Release|ARM.Build.0 = Release|Any CPU
		{25E33381-06C1-4AC0-B875-622F01B1359A}.Release|arm64.ActiveCfg = Release|Any CPU
		{25E33381-06C1-4AC0-B875-622F01B1359A}.Release|arm64.Build.0 = Release|Any CPU
		{25E33381-06C1-4AC0-B875-622F01B1359A}.Release|x64.ActiveCfg = Release|Any CPU
		{25E33381-06C1-4AC0-B875-622F01B1359A}.Release|x64.Build.0 = Release|Any CPU
		{25E33381-06C1-4AC0-B875-622F01B1359A}.Release|x86.ActiveCfg = Release|Any CPU
		{25E33381-06C1-4AC0-B875-622F01B1359A}.Release|x86.Build.0 = Release|Any CPU
		{65786107-E646-452E-B899-EDD26D09E401}.Debug|Any CPU.ActiveCfg = Debug|Any CPU
		{65786107-E646-452E-B899-EDD26D09E401}.Debug|Any CPU.Build.0 = Debug|Any CPU
		{65786107-E646-452E-B899-EDD26D09E401}.Debug|ARM.ActiveCfg = Debug|Any CPU
		{65786107-E646-452E-B899-EDD26D09E401}.Debug|ARM.Build.0 = Debug|Any CPU
		{65786107-E646-452E-B899-EDD26D09E401}.Debug|arm64.ActiveCfg = Debug|Any CPU
		{65786107-E646-452E-B899-EDD26D09E401}.Debug|arm64.Build.0 = Debug|Any CPU
		{65786107-E646-452E-B899-EDD26D09E401}.Debug|x64.ActiveCfg = Debug|Any CPU
		{65786107-E646-452E-B899-EDD26D09E401}.Debug|x64.Build.0 = Debug|Any CPU
		{65786107-E646-452E-B899-EDD26D09E401}.Debug|x86.ActiveCfg = Debug|Any CPU
		{65786107-E646-452E-B899-EDD26D09E401}.Debug|x86.Build.0 = Debug|Any CPU
		{65786107-E646-452E-B899-EDD26D09E401}.Release|Any CPU.ActiveCfg = Release|Any CPU
		{65786107-E646-452E-B899-EDD26D09E401}.Release|Any CPU.Build.0 = Release|Any CPU
		{65786107-E646-452E-B899-EDD26D09E401}.Release|ARM.ActiveCfg = Release|Any CPU
		{65786107-E646-452E-B899-EDD26D09E401}.Release|ARM.Build.0 = Release|Any CPU
		{65786107-E646-452E-B899-EDD26D09E401}.Release|arm64.ActiveCfg = Release|Any CPU
		{65786107-E646-452E-B899-EDD26D09E401}.Release|arm64.Build.0 = Release|Any CPU
		{65786107-E646-452E-B899-EDD26D09E401}.Release|x64.ActiveCfg = Release|Any CPU
		{65786107-E646-452E-B899-EDD26D09E401}.Release|x64.Build.0 = Release|Any CPU
		{65786107-E646-452E-B899-EDD26D09E401}.Release|x86.ActiveCfg = Release|Any CPU
		{65786107-E646-452E-B899-EDD26D09E401}.Release|x86.Build.0 = Release|Any CPU
		{16A17957-6DE3-4874-B0B6-08404C23FBBE}.Debug|Any CPU.ActiveCfg = Debug|Any CPU
		{16A17957-6DE3-4874-B0B6-08404C23FBBE}.Debug|Any CPU.Build.0 = Debug|Any CPU
		{16A17957-6DE3-4874-B0B6-08404C23FBBE}.Debug|ARM.ActiveCfg = Debug|Any CPU
		{16A17957-6DE3-4874-B0B6-08404C23FBBE}.Debug|ARM.Build.0 = Debug|Any CPU
		{16A17957-6DE3-4874-B0B6-08404C23FBBE}.Debug|arm64.ActiveCfg = Debug|Any CPU
		{16A17957-6DE3-4874-B0B6-08404C23FBBE}.Debug|arm64.Build.0 = Debug|Any CPU
		{16A17957-6DE3-4874-B0B6-08404C23FBBE}.Debug|x64.ActiveCfg = Debug|Any CPU
		{16A17957-6DE3-4874-B0B6-08404C23FBBE}.Debug|x64.Build.0 = Debug|Any CPU
		{16A17957-6DE3-4874-B0B6-08404C23FBBE}.Debug|x86.ActiveCfg = Debug|Any CPU
		{16A17957-6DE3-4874-B0B6-08404C23FBBE}.Debug|x86.Build.0 = Debug|Any CPU
		{16A17957-6DE3-4874-B0B6-08404C23FBBE}.Release|Any CPU.ActiveCfg = Release|Any CPU
		{16A17957-6DE3-4874-B0B6-08404C23FBBE}.Release|Any CPU.Build.0 = Release|Any CPU
		{16A17957-6DE3-4874-B0B6-08404C23FBBE}.Release|ARM.ActiveCfg = Release|Any CPU
		{16A17957-6DE3-4874-B0B6-08404C23FBBE}.Release|ARM.Build.0 = Release|Any CPU
		{16A17957-6DE3-4874-B0B6-08404C23FBBE}.Release|arm64.ActiveCfg = Release|Any CPU
		{16A17957-6DE3-4874-B0B6-08404C23FBBE}.Release|arm64.Build.0 = Release|Any CPU
		{16A17957-6DE3-4874-B0B6-08404C23FBBE}.Release|x64.ActiveCfg = Release|Any CPU
		{16A17957-6DE3-4874-B0B6-08404C23FBBE}.Release|x64.Build.0 = Release|Any CPU
		{16A17957-6DE3-4874-B0B6-08404C23FBBE}.Release|x86.ActiveCfg = Release|Any CPU
		{16A17957-6DE3-4874-B0B6-08404C23FBBE}.Release|x86.Build.0 = Release|Any CPU
		{F5EB3A73-1D93-42F7-9757-26B486D74592}.Debug|Any CPU.ActiveCfg = Debug|Any CPU
		{F5EB3A73-1D93-42F7-9757-26B486D74592}.Debug|Any CPU.Build.0 = Debug|Any CPU
		{F5EB3A73-1D93-42F7-9757-26B486D74592}.Debug|ARM.ActiveCfg = Debug|Any CPU
		{F5EB3A73-1D93-42F7-9757-26B486D74592}.Debug|arm64.ActiveCfg = Debug|Any CPU
		{F5EB3A73-1D93-42F7-9757-26B486D74592}.Debug|x64.ActiveCfg = Debug|Any CPU
		{F5EB3A73-1D93-42F7-9757-26B486D74592}.Debug|x86.ActiveCfg = Debug|Any CPU
		{F5EB3A73-1D93-42F7-9757-26B486D74592}.Release|Any CPU.ActiveCfg = Release|Any CPU
		{F5EB3A73-1D93-42F7-9757-26B486D74592}.Release|Any CPU.Build.0 = Release|Any CPU
		{F5EB3A73-1D93-42F7-9757-26B486D74592}.Release|ARM.ActiveCfg = Release|Any CPU
		{F5EB3A73-1D93-42F7-9757-26B486D74592}.Release|arm64.ActiveCfg = Release|Any CPU
		{F5EB3A73-1D93-42F7-9757-26B486D74592}.Release|x64.ActiveCfg = Release|Any CPU
		{F5EB3A73-1D93-42F7-9757-26B486D74592}.Release|x86.ActiveCfg = Release|Any CPU
		{A7ED566D-2E7E-4A3C-8A91-874B4DFAB115}.Debug|Any CPU.ActiveCfg = Debug|Any CPU
		{A7ED566D-2E7E-4A3C-8A91-874B4DFAB115}.Debug|Any CPU.Build.0 = Debug|Any CPU
		{A7ED566D-2E7E-4A3C-8A91-874B4DFAB115}.Debug|ARM.ActiveCfg = Debug|Any CPU
		{A7ED566D-2E7E-4A3C-8A91-874B4DFAB115}.Debug|arm64.ActiveCfg = Debug|Any CPU
		{A7ED566D-2E7E-4A3C-8A91-874B4DFAB115}.Debug|x64.ActiveCfg = Debug|Any CPU
		{A7ED566D-2E7E-4A3C-8A91-874B4DFAB115}.Debug|x86.ActiveCfg = Debug|Any CPU
		{A7ED566D-2E7E-4A3C-8A91-874B4DFAB115}.Release|Any CPU.ActiveCfg = Release|Any CPU
		{A7ED566D-2E7E-4A3C-8A91-874B4DFAB115}.Release|Any CPU.Build.0 = Release|Any CPU
		{A7ED566D-2E7E-4A3C-8A91-874B4DFAB115}.Release|ARM.ActiveCfg = Release|Any CPU
		{A7ED566D-2E7E-4A3C-8A91-874B4DFAB115}.Release|arm64.ActiveCfg = Release|Any CPU
		{A7ED566D-2E7E-4A3C-8A91-874B4DFAB115}.Release|x64.ActiveCfg = Release|Any CPU
		{A7ED566D-2E7E-4A3C-8A91-874B4DFAB115}.Release|x86.ActiveCfg = Release|Any CPU
		{74CCD32D-DBCD-43C6-9DE1-7148D09B4ECF}.Debug|Any CPU.ActiveCfg = Debug|Any CPU
		{74CCD32D-DBCD-43C6-9DE1-7148D09B4ECF}.Debug|Any CPU.Build.0 = Debug|Any CPU
		{74CCD32D-DBCD-43C6-9DE1-7148D09B4ECF}.Debug|ARM.ActiveCfg = Debug|Any CPU
		{74CCD32D-DBCD-43C6-9DE1-7148D09B4ECF}.Debug|ARM.Build.0 = Debug|Any CPU
		{74CCD32D-DBCD-43C6-9DE1-7148D09B4ECF}.Debug|arm64.ActiveCfg = Debug|Any CPU
		{74CCD32D-DBCD-43C6-9DE1-7148D09B4ECF}.Debug|arm64.Build.0 = Debug|Any CPU
		{74CCD32D-DBCD-43C6-9DE1-7148D09B4ECF}.Debug|x64.ActiveCfg = Debug|Any CPU
		{74CCD32D-DBCD-43C6-9DE1-7148D09B4ECF}.Debug|x64.Build.0 = Debug|Any CPU
		{74CCD32D-DBCD-43C6-9DE1-7148D09B4ECF}.Debug|x86.ActiveCfg = Debug|Any CPU
		{74CCD32D-DBCD-43C6-9DE1-7148D09B4ECF}.Debug|x86.Build.0 = Debug|Any CPU
		{74CCD32D-DBCD-43C6-9DE1-7148D09B4ECF}.Release|Any CPU.ActiveCfg = Release|Any CPU
		{74CCD32D-DBCD-43C6-9DE1-7148D09B4ECF}.Release|Any CPU.Build.0 = Release|Any CPU
		{74CCD32D-DBCD-43C6-9DE1-7148D09B4ECF}.Release|ARM.ActiveCfg = Release|Any CPU
		{74CCD32D-DBCD-43C6-9DE1-7148D09B4ECF}.Release|ARM.Build.0 = Release|Any CPU
		{74CCD32D-DBCD-43C6-9DE1-7148D09B4ECF}.Release|arm64.ActiveCfg = Release|Any CPU
		{74CCD32D-DBCD-43C6-9DE1-7148D09B4ECF}.Release|arm64.Build.0 = Release|Any CPU
		{74CCD32D-DBCD-43C6-9DE1-7148D09B4ECF}.Release|x64.ActiveCfg = Release|Any CPU
		{74CCD32D-DBCD-43C6-9DE1-7148D09B4ECF}.Release|x64.Build.0 = Release|Any CPU
		{74CCD32D-DBCD-43C6-9DE1-7148D09B4ECF}.Release|x86.ActiveCfg = Release|Any CPU
		{74CCD32D-DBCD-43C6-9DE1-7148D09B4ECF}.Release|x86.Build.0 = Release|Any CPU
		{612C6672-9991-4DAA-AE72-1FD2194528CD}.Debug|Any CPU.ActiveCfg = Debug|Any CPU
		{612C6672-9991-4DAA-AE72-1FD2194528CD}.Debug|Any CPU.Build.0 = Debug|Any CPU
		{612C6672-9991-4DAA-AE72-1FD2194528CD}.Debug|ARM.ActiveCfg = Debug|Any CPU
		{612C6672-9991-4DAA-AE72-1FD2194528CD}.Debug|ARM.Build.0 = Debug|Any CPU
		{612C6672-9991-4DAA-AE72-1FD2194528CD}.Debug|arm64.ActiveCfg = Debug|Any CPU
		{612C6672-9991-4DAA-AE72-1FD2194528CD}.Debug|arm64.Build.0 = Debug|Any CPU
		{612C6672-9991-4DAA-AE72-1FD2194528CD}.Debug|x64.ActiveCfg = Debug|Any CPU
		{612C6672-9991-4DAA-AE72-1FD2194528CD}.Debug|x64.Build.0 = Debug|Any CPU
		{612C6672-9991-4DAA-AE72-1FD2194528CD}.Debug|x86.ActiveCfg = Debug|Any CPU
		{612C6672-9991-4DAA-AE72-1FD2194528CD}.Debug|x86.Build.0 = Debug|Any CPU
		{612C6672-9991-4DAA-AE72-1FD2194528CD}.Release|Any CPU.ActiveCfg = Release|Any CPU
		{612C6672-9991-4DAA-AE72-1FD2194528CD}.Release|Any CPU.Build.0 = Release|Any CPU
		{612C6672-9991-4DAA-AE72-1FD2194528CD}.Release|ARM.ActiveCfg = Release|Any CPU
		{612C6672-9991-4DAA-AE72-1FD2194528CD}.Release|ARM.Build.0 = Release|Any CPU
		{612C6672-9991-4DAA-AE72-1FD2194528CD}.Release|arm64.ActiveCfg = Release|Any CPU
		{612C6672-9991-4DAA-AE72-1FD2194528CD}.Release|arm64.Build.0 = Release|Any CPU
		{612C6672-9991-4DAA-AE72-1FD2194528CD}.Release|x64.ActiveCfg = Release|Any CPU
		{612C6672-9991-4DAA-AE72-1FD2194528CD}.Release|x64.Build.0 = Release|Any CPU
		{612C6672-9991-4DAA-AE72-1FD2194528CD}.Release|x86.ActiveCfg = Release|Any CPU
		{612C6672-9991-4DAA-AE72-1FD2194528CD}.Release|x86.Build.0 = Release|Any CPU
		{A5ED6C75-E468-4819-A513-EEBE49B7DAF4}.Debug|Any CPU.ActiveCfg = Debug|Any CPU
		{A5ED6C75-E468-4819-A513-EEBE49B7DAF4}.Debug|Any CPU.Build.0 = Debug|Any CPU
		{A5ED6C75-E468-4819-A513-EEBE49B7DAF4}.Debug|ARM.ActiveCfg = Debug|Any CPU
		{A5ED6C75-E468-4819-A513-EEBE49B7DAF4}.Debug|ARM.Build.0 = Debug|Any CPU
		{A5ED6C75-E468-4819-A513-EEBE49B7DAF4}.Debug|arm64.ActiveCfg = Debug|Any CPU
		{A5ED6C75-E468-4819-A513-EEBE49B7DAF4}.Debug|arm64.Build.0 = Debug|Any CPU
		{A5ED6C75-E468-4819-A513-EEBE49B7DAF4}.Debug|x64.ActiveCfg = Debug|Any CPU
		{A5ED6C75-E468-4819-A513-EEBE49B7DAF4}.Debug|x64.Build.0 = Debug|Any CPU
		{A5ED6C75-E468-4819-A513-EEBE49B7DAF4}.Debug|x86.ActiveCfg = Debug|Any CPU
		{A5ED6C75-E468-4819-A513-EEBE49B7DAF4}.Debug|x86.Build.0 = Debug|Any CPU
		{A5ED6C75-E468-4819-A513-EEBE49B7DAF4}.Release|Any CPU.ActiveCfg = Release|Any CPU
		{A5ED6C75-E468-4819-A513-EEBE49B7DAF4}.Release|Any CPU.Build.0 = Release|Any CPU
		{A5ED6C75-E468-4819-A513-EEBE49B7DAF4}.Release|ARM.ActiveCfg = Release|Any CPU
		{A5ED6C75-E468-4819-A513-EEBE49B7DAF4}.Release|ARM.Build.0 = Release|Any CPU
		{A5ED6C75-E468-4819-A513-EEBE49B7DAF4}.Release|arm64.ActiveCfg = Release|Any CPU
		{A5ED6C75-E468-4819-A513-EEBE49B7DAF4}.Release|arm64.Build.0 = Release|Any CPU
		{A5ED6C75-E468-4819-A513-EEBE49B7DAF4}.Release|x64.ActiveCfg = Release|Any CPU
		{A5ED6C75-E468-4819-A513-EEBE49B7DAF4}.Release|x64.Build.0 = Release|Any CPU
		{A5ED6C75-E468-4819-A513-EEBE49B7DAF4}.Release|x86.ActiveCfg = Release|Any CPU
		{A5ED6C75-E468-4819-A513-EEBE49B7DAF4}.Release|x86.Build.0 = Release|Any CPU
		{2F17A5A4-B5CD-470D-9711-F9B1E24EA1AC}.Debug|Any CPU.ActiveCfg = Debug|Any CPU
		{2F17A5A4-B5CD-470D-9711-F9B1E24EA1AC}.Debug|Any CPU.Build.0 = Debug|Any CPU
		{2F17A5A4-B5CD-470D-9711-F9B1E24EA1AC}.Debug|ARM.ActiveCfg = Debug|Any CPU
		{2F17A5A4-B5CD-470D-9711-F9B1E24EA1AC}.Debug|ARM.Build.0 = Debug|Any CPU
		{2F17A5A4-B5CD-470D-9711-F9B1E24EA1AC}.Debug|arm64.ActiveCfg = Debug|Any CPU
		{2F17A5A4-B5CD-470D-9711-F9B1E24EA1AC}.Debug|arm64.Build.0 = Debug|Any CPU
		{2F17A5A4-B5CD-470D-9711-F9B1E24EA1AC}.Debug|x64.ActiveCfg = Debug|Any CPU
		{2F17A5A4-B5CD-470D-9711-F9B1E24EA1AC}.Debug|x64.Build.0 = Debug|Any CPU
		{2F17A5A4-B5CD-470D-9711-F9B1E24EA1AC}.Debug|x86.ActiveCfg = Debug|Any CPU
		{2F17A5A4-B5CD-470D-9711-F9B1E24EA1AC}.Debug|x86.Build.0 = Debug|Any CPU
		{2F17A5A4-B5CD-470D-9711-F9B1E24EA1AC}.Release|Any CPU.ActiveCfg = Release|Any CPU
		{2F17A5A4-B5CD-470D-9711-F9B1E24EA1AC}.Release|Any CPU.Build.0 = Release|Any CPU
		{2F17A5A4-B5CD-470D-9711-F9B1E24EA1AC}.Release|ARM.ActiveCfg = Release|Any CPU
		{2F17A5A4-B5CD-470D-9711-F9B1E24EA1AC}.Release|ARM.Build.0 = Release|Any CPU
		{2F17A5A4-B5CD-470D-9711-F9B1E24EA1AC}.Release|arm64.ActiveCfg = Release|Any CPU
		{2F17A5A4-B5CD-470D-9711-F9B1E24EA1AC}.Release|arm64.Build.0 = Release|Any CPU
		{2F17A5A4-B5CD-470D-9711-F9B1E24EA1AC}.Release|x64.ActiveCfg = Release|Any CPU
		{2F17A5A4-B5CD-470D-9711-F9B1E24EA1AC}.Release|x64.Build.0 = Release|Any CPU
		{2F17A5A4-B5CD-470D-9711-F9B1E24EA1AC}.Release|x86.ActiveCfg = Release|Any CPU
		{2F17A5A4-B5CD-470D-9711-F9B1E24EA1AC}.Release|x86.Build.0 = Release|Any CPU
		{2B65E186-B9E6-4CEF-9AE6-478C6DE59BC4}.Debug|Any CPU.ActiveCfg = Debug|x64
		{2B65E186-B9E6-4CEF-9AE6-478C6DE59BC4}.Debug|Any CPU.Build.0 = Debug|x64
		{2B65E186-B9E6-4CEF-9AE6-478C6DE59BC4}.Debug|Any CPU.Deploy.0 = Debug|x64
		{2B65E186-B9E6-4CEF-9AE6-478C6DE59BC4}.Debug|ARM.ActiveCfg = Debug|ARM
		{2B65E186-B9E6-4CEF-9AE6-478C6DE59BC4}.Debug|ARM.Build.0 = Debug|ARM
		{2B65E186-B9E6-4CEF-9AE6-478C6DE59BC4}.Debug|ARM.Deploy.0 = Debug|ARM
		{2B65E186-B9E6-4CEF-9AE6-478C6DE59BC4}.Debug|arm64.ActiveCfg = Debug|Any CPU
		{2B65E186-B9E6-4CEF-9AE6-478C6DE59BC4}.Debug|arm64.Build.0 = Debug|Any CPU
		{2B65E186-B9E6-4CEF-9AE6-478C6DE59BC4}.Debug|arm64.Deploy.0 = Debug|Any CPU
		{2B65E186-B9E6-4CEF-9AE6-478C6DE59BC4}.Debug|x64.ActiveCfg = Debug|x64
		{2B65E186-B9E6-4CEF-9AE6-478C6DE59BC4}.Debug|x64.Build.0 = Debug|x64
		{2B65E186-B9E6-4CEF-9AE6-478C6DE59BC4}.Debug|x64.Deploy.0 = Debug|x64
		{2B65E186-B9E6-4CEF-9AE6-478C6DE59BC4}.Debug|x86.ActiveCfg = Debug|x86
		{2B65E186-B9E6-4CEF-9AE6-478C6DE59BC4}.Debug|x86.Build.0 = Debug|x86
		{2B65E186-B9E6-4CEF-9AE6-478C6DE59BC4}.Debug|x86.Deploy.0 = Debug|x86
		{2B65E186-B9E6-4CEF-9AE6-478C6DE59BC4}.Release|Any CPU.ActiveCfg = Release|Any CPU
		{2B65E186-B9E6-4CEF-9AE6-478C6DE59BC4}.Release|Any CPU.Build.0 = Release|Any CPU
		{2B65E186-B9E6-4CEF-9AE6-478C6DE59BC4}.Release|Any CPU.Deploy.0 = Release|Any CPU
		{2B65E186-B9E6-4CEF-9AE6-478C6DE59BC4}.Release|ARM.ActiveCfg = Release|ARM
		{2B65E186-B9E6-4CEF-9AE6-478C6DE59BC4}.Release|ARM.Build.0 = Release|ARM
		{2B65E186-B9E6-4CEF-9AE6-478C6DE59BC4}.Release|ARM.Deploy.0 = Release|ARM
		{2B65E186-B9E6-4CEF-9AE6-478C6DE59BC4}.Release|arm64.ActiveCfg = Release|Any CPU
		{2B65E186-B9E6-4CEF-9AE6-478C6DE59BC4}.Release|arm64.Build.0 = Release|Any CPU
		{2B65E186-B9E6-4CEF-9AE6-478C6DE59BC4}.Release|arm64.Deploy.0 = Release|Any CPU
		{2B65E186-B9E6-4CEF-9AE6-478C6DE59BC4}.Release|x64.ActiveCfg = Release|x64
		{2B65E186-B9E6-4CEF-9AE6-478C6DE59BC4}.Release|x64.Build.0 = Release|x64
		{2B65E186-B9E6-4CEF-9AE6-478C6DE59BC4}.Release|x64.Deploy.0 = Release|x64
		{2B65E186-B9E6-4CEF-9AE6-478C6DE59BC4}.Release|x86.ActiveCfg = Release|x86
		{2B65E186-B9E6-4CEF-9AE6-478C6DE59BC4}.Release|x86.Build.0 = Release|x86
		{2B65E186-B9E6-4CEF-9AE6-478C6DE59BC4}.Release|x86.Deploy.0 = Release|x86
		{70B22142-13ED-444F-B6A7-4583505EC8DB}.Debug|Any CPU.ActiveCfg = Debug|x64
		{70B22142-13ED-444F-B6A7-4583505EC8DB}.Debug|Any CPU.Build.0 = Debug|x64
		{70B22142-13ED-444F-B6A7-4583505EC8DB}.Debug|Any CPU.Deploy.0 = Debug|x64
		{70B22142-13ED-444F-B6A7-4583505EC8DB}.Debug|ARM.ActiveCfg = Debug|x64
		{70B22142-13ED-444F-B6A7-4583505EC8DB}.Debug|ARM.Build.0 = Debug|x64
		{70B22142-13ED-444F-B6A7-4583505EC8DB}.Debug|arm64.ActiveCfg = Debug|arm64
		{70B22142-13ED-444F-B6A7-4583505EC8DB}.Debug|arm64.Build.0 = Debug|arm64
		{70B22142-13ED-444F-B6A7-4583505EC8DB}.Debug|x64.ActiveCfg = Debug|x64
		{70B22142-13ED-444F-B6A7-4583505EC8DB}.Debug|x64.Build.0 = Debug|x64
		{70B22142-13ED-444F-B6A7-4583505EC8DB}.Debug|x86.ActiveCfg = Debug|x86
		{70B22142-13ED-444F-B6A7-4583505EC8DB}.Debug|x86.Build.0 = Debug|x86
		{70B22142-13ED-444F-B6A7-4583505EC8DB}.Release|Any CPU.ActiveCfg = Release|x64
		{70B22142-13ED-444F-B6A7-4583505EC8DB}.Release|Any CPU.Build.0 = Release|x64
		{70B22142-13ED-444F-B6A7-4583505EC8DB}.Release|ARM.ActiveCfg = Release|x64
		{70B22142-13ED-444F-B6A7-4583505EC8DB}.Release|ARM.Build.0 = Release|x64
		{70B22142-13ED-444F-B6A7-4583505EC8DB}.Release|arm64.ActiveCfg = Release|arm64
		{70B22142-13ED-444F-B6A7-4583505EC8DB}.Release|arm64.Build.0 = Release|arm64
		{70B22142-13ED-444F-B6A7-4583505EC8DB}.Release|x64.ActiveCfg = Release|x64
		{70B22142-13ED-444F-B6A7-4583505EC8DB}.Release|x64.Build.0 = Release|x64
		{70B22142-13ED-444F-B6A7-4583505EC8DB}.Release|x86.ActiveCfg = Release|x86
		{70B22142-13ED-444F-B6A7-4583505EC8DB}.Release|x86.Build.0 = Release|x86
		{E84AFC6C-DF9C-44C6-8878-52560A351EC3}.Debug|Any CPU.ActiveCfg = Debug|Any CPU
		{E84AFC6C-DF9C-44C6-8878-52560A351EC3}.Debug|Any CPU.Build.0 = Debug|Any CPU
		{E84AFC6C-DF9C-44C6-8878-52560A351EC3}.Debug|ARM.ActiveCfg = Debug|Any CPU
		{E84AFC6C-DF9C-44C6-8878-52560A351EC3}.Debug|ARM.Build.0 = Debug|Any CPU
		{E84AFC6C-DF9C-44C6-8878-52560A351EC3}.Debug|arm64.ActiveCfg = Debug|Any CPU
		{E84AFC6C-DF9C-44C6-8878-52560A351EC3}.Debug|arm64.Build.0 = Debug|Any CPU
		{E84AFC6C-DF9C-44C6-8878-52560A351EC3}.Debug|x64.ActiveCfg = Debug|Any CPU
		{E84AFC6C-DF9C-44C6-8878-52560A351EC3}.Debug|x64.Build.0 = Debug|Any CPU
		{E84AFC6C-DF9C-44C6-8878-52560A351EC3}.Debug|x86.ActiveCfg = Debug|Any CPU
		{E84AFC6C-DF9C-44C6-8878-52560A351EC3}.Debug|x86.Build.0 = Debug|Any CPU
		{E84AFC6C-DF9C-44C6-8878-52560A351EC3}.Release|Any CPU.ActiveCfg = Release|Any CPU
		{E84AFC6C-DF9C-44C6-8878-52560A351EC3}.Release|Any CPU.Build.0 = Release|Any CPU
		{E84AFC6C-DF9C-44C6-8878-52560A351EC3}.Release|ARM.ActiveCfg = Release|Any CPU
		{E84AFC6C-DF9C-44C6-8878-52560A351EC3}.Release|ARM.Build.0 = Release|Any CPU
		{E84AFC6C-DF9C-44C6-8878-52560A351EC3}.Release|arm64.ActiveCfg = Release|Any CPU
		{E84AFC6C-DF9C-44C6-8878-52560A351EC3}.Release|arm64.Build.0 = Release|Any CPU
		{E84AFC6C-DF9C-44C6-8878-52560A351EC3}.Release|x64.ActiveCfg = Release|Any CPU
		{E84AFC6C-DF9C-44C6-8878-52560A351EC3}.Release|x64.Build.0 = Release|Any CPU
		{E84AFC6C-DF9C-44C6-8878-52560A351EC3}.Release|x86.ActiveCfg = Release|Any CPU
		{E84AFC6C-DF9C-44C6-8878-52560A351EC3}.Release|x86.Build.0 = Release|Any CPU
		{41636DB3-9F07-47F0-9C4E-44C5DECE1119}.Debug|Any CPU.ActiveCfg = Debug|Any CPU
		{41636DB3-9F07-47F0-9C4E-44C5DECE1119}.Debug|Any CPU.Build.0 = Debug|Any CPU
		{41636DB3-9F07-47F0-9C4E-44C5DECE1119}.Debug|ARM.ActiveCfg = Debug|Any CPU
		{41636DB3-9F07-47F0-9C4E-44C5DECE1119}.Debug|ARM.Build.0 = Debug|Any CPU
		{41636DB3-9F07-47F0-9C4E-44C5DECE1119}.Debug|arm64.ActiveCfg = Debug|Any CPU
		{41636DB3-9F07-47F0-9C4E-44C5DECE1119}.Debug|arm64.Build.0 = Debug|Any CPU
		{41636DB3-9F07-47F0-9C4E-44C5DECE1119}.Debug|x64.ActiveCfg = Debug|Any CPU
		{41636DB3-9F07-47F0-9C4E-44C5DECE1119}.Debug|x64.Build.0 = Debug|Any CPU
		{41636DB3-9F07-47F0-9C4E-44C5DECE1119}.Debug|x86.ActiveCfg = Debug|Any CPU
		{41636DB3-9F07-47F0-9C4E-44C5DECE1119}.Debug|x86.Build.0 = Debug|Any CPU
		{41636DB3-9F07-47F0-9C4E-44C5DECE1119}.Release|Any CPU.ActiveCfg = Release|Any CPU
		{41636DB3-9F07-47F0-9C4E-44C5DECE1119}.Release|Any CPU.Build.0 = Release|Any CPU
		{41636DB3-9F07-47F0-9C4E-44C5DECE1119}.Release|ARM.ActiveCfg = Release|Any CPU
		{41636DB3-9F07-47F0-9C4E-44C5DECE1119}.Release|ARM.Build.0 = Release|Any CPU
		{41636DB3-9F07-47F0-9C4E-44C5DECE1119}.Release|arm64.ActiveCfg = Release|Any CPU
		{41636DB3-9F07-47F0-9C4E-44C5DECE1119}.Release|arm64.Build.0 = Release|Any CPU
		{41636DB3-9F07-47F0-9C4E-44C5DECE1119}.Release|x64.ActiveCfg = Release|Any CPU
		{41636DB3-9F07-47F0-9C4E-44C5DECE1119}.Release|x64.Build.0 = Release|Any CPU
		{41636DB3-9F07-47F0-9C4E-44C5DECE1119}.Release|x86.ActiveCfg = Release|Any CPU
		{41636DB3-9F07-47F0-9C4E-44C5DECE1119}.Release|x86.Build.0 = Release|Any CPU
		{2B9BACA3-7166-4276-BC84-BF38536F6165}.Debug|Any CPU.ActiveCfg = Debug|Any CPU
		{2B9BACA3-7166-4276-BC84-BF38536F6165}.Debug|Any CPU.Build.0 = Debug|Any CPU
		{2B9BACA3-7166-4276-BC84-BF38536F6165}.Debug|ARM.ActiveCfg = Debug|Any CPU
		{2B9BACA3-7166-4276-BC84-BF38536F6165}.Debug|ARM.Build.0 = Debug|Any CPU
		{2B9BACA3-7166-4276-BC84-BF38536F6165}.Debug|arm64.ActiveCfg = Debug|Any CPU
		{2B9BACA3-7166-4276-BC84-BF38536F6165}.Debug|arm64.Build.0 = Debug|Any CPU
		{2B9BACA3-7166-4276-BC84-BF38536F6165}.Debug|x64.ActiveCfg = Debug|Any CPU
		{2B9BACA3-7166-4276-BC84-BF38536F6165}.Debug|x64.Build.0 = Debug|Any CPU
		{2B9BACA3-7166-4276-BC84-BF38536F6165}.Debug|x86.ActiveCfg = Debug|Any CPU
		{2B9BACA3-7166-4276-BC84-BF38536F6165}.Debug|x86.Build.0 = Debug|Any CPU
		{2B9BACA3-7166-4276-BC84-BF38536F6165}.Release|Any CPU.ActiveCfg = Release|Any CPU
		{2B9BACA3-7166-4276-BC84-BF38536F6165}.Release|Any CPU.Build.0 = Release|Any CPU
		{2B9BACA3-7166-4276-BC84-BF38536F6165}.Release|ARM.ActiveCfg = Release|Any CPU
		{2B9BACA3-7166-4276-BC84-BF38536F6165}.Release|ARM.Build.0 = Release|Any CPU
		{2B9BACA3-7166-4276-BC84-BF38536F6165}.Release|arm64.ActiveCfg = Release|Any CPU
		{2B9BACA3-7166-4276-BC84-BF38536F6165}.Release|arm64.Build.0 = Release|Any CPU
		{2B9BACA3-7166-4276-BC84-BF38536F6165}.Release|x64.ActiveCfg = Release|Any CPU
		{2B9BACA3-7166-4276-BC84-BF38536F6165}.Release|x64.Build.0 = Release|Any CPU
		{2B9BACA3-7166-4276-BC84-BF38536F6165}.Release|x86.ActiveCfg = Release|Any CPU
		{2B9BACA3-7166-4276-BC84-BF38536F6165}.Release|x86.Build.0 = Release|Any CPU
		{F9B19604-7CC7-4CB0-97A2-93C3F12F9F0B}.Debug|Any CPU.ActiveCfg = Debug|Any CPU
		{F9B19604-7CC7-4CB0-97A2-93C3F12F9F0B}.Debug|Any CPU.Build.0 = Debug|Any CPU
		{F9B19604-7CC7-4CB0-97A2-93C3F12F9F0B}.Debug|ARM.ActiveCfg = Debug|Any CPU
		{F9B19604-7CC7-4CB0-97A2-93C3F12F9F0B}.Debug|ARM.Build.0 = Debug|Any CPU
		{F9B19604-7CC7-4CB0-97A2-93C3F12F9F0B}.Debug|arm64.ActiveCfg = Debug|Any CPU
		{F9B19604-7CC7-4CB0-97A2-93C3F12F9F0B}.Debug|arm64.Build.0 = Debug|Any CPU
		{F9B19604-7CC7-4CB0-97A2-93C3F12F9F0B}.Debug|x64.ActiveCfg = Debug|Any CPU
		{F9B19604-7CC7-4CB0-97A2-93C3F12F9F0B}.Debug|x64.Build.0 = Debug|Any CPU
		{F9B19604-7CC7-4CB0-97A2-93C3F12F9F0B}.Debug|x86.ActiveCfg = Debug|Any CPU
		{F9B19604-7CC7-4CB0-97A2-93C3F12F9F0B}.Debug|x86.Build.0 = Debug|Any CPU
		{F9B19604-7CC7-4CB0-97A2-93C3F12F9F0B}.Release|Any CPU.ActiveCfg = Release|Any CPU
		{F9B19604-7CC7-4CB0-97A2-93C3F12F9F0B}.Release|Any CPU.Build.0 = Release|Any CPU
		{F9B19604-7CC7-4CB0-97A2-93C3F12F9F0B}.Release|ARM.ActiveCfg = Release|Any CPU
		{F9B19604-7CC7-4CB0-97A2-93C3F12F9F0B}.Release|ARM.Build.0 = Release|Any CPU
		{F9B19604-7CC7-4CB0-97A2-93C3F12F9F0B}.Release|arm64.ActiveCfg = Release|Any CPU
		{F9B19604-7CC7-4CB0-97A2-93C3F12F9F0B}.Release|arm64.Build.0 = Release|Any CPU
		{F9B19604-7CC7-4CB0-97A2-93C3F12F9F0B}.Release|x64.ActiveCfg = Release|Any CPU
		{F9B19604-7CC7-4CB0-97A2-93C3F12F9F0B}.Release|x64.Build.0 = Release|Any CPU
		{F9B19604-7CC7-4CB0-97A2-93C3F12F9F0B}.Release|x86.ActiveCfg = Release|Any CPU
		{F9B19604-7CC7-4CB0-97A2-93C3F12F9F0B}.Release|x86.Build.0 = Release|Any CPU
		{E047566D-8DC9-4434-A493-EC2A8DC81F1B}.Debug|Any CPU.ActiveCfg = Debug|Any CPU
		{E047566D-8DC9-4434-A493-EC2A8DC81F1B}.Debug|Any CPU.Build.0 = Debug|Any CPU
		{E047566D-8DC9-4434-A493-EC2A8DC81F1B}.Debug|ARM.ActiveCfg = Debug|Any CPU
		{E047566D-8DC9-4434-A493-EC2A8DC81F1B}.Debug|ARM.Build.0 = Debug|Any CPU
		{E047566D-8DC9-4434-A493-EC2A8DC81F1B}.Debug|arm64.ActiveCfg = Debug|Any CPU
		{E047566D-8DC9-4434-A493-EC2A8DC81F1B}.Debug|arm64.Build.0 = Debug|Any CPU
		{E047566D-8DC9-4434-A493-EC2A8DC81F1B}.Debug|x64.ActiveCfg = Debug|Any CPU
		{E047566D-8DC9-4434-A493-EC2A8DC81F1B}.Debug|x64.Build.0 = Debug|Any CPU
		{E047566D-8DC9-4434-A493-EC2A8DC81F1B}.Debug|x86.ActiveCfg = Debug|Any CPU
		{E047566D-8DC9-4434-A493-EC2A8DC81F1B}.Debug|x86.Build.0 = Debug|Any CPU
		{E047566D-8DC9-4434-A493-EC2A8DC81F1B}.Release|Any CPU.ActiveCfg = Release|Any CPU
		{E047566D-8DC9-4434-A493-EC2A8DC81F1B}.Release|Any CPU.Build.0 = Release|Any CPU
		{E047566D-8DC9-4434-A493-EC2A8DC81F1B}.Release|ARM.ActiveCfg = Release|Any CPU
		{E047566D-8DC9-4434-A493-EC2A8DC81F1B}.Release|ARM.Build.0 = Release|Any CPU
		{E047566D-8DC9-4434-A493-EC2A8DC81F1B}.Release|arm64.ActiveCfg = Release|Any CPU
		{E047566D-8DC9-4434-A493-EC2A8DC81F1B}.Release|arm64.Build.0 = Release|Any CPU
		{E047566D-8DC9-4434-A493-EC2A8DC81F1B}.Release|x64.ActiveCfg = Release|Any CPU
		{E047566D-8DC9-4434-A493-EC2A8DC81F1B}.Release|x64.Build.0 = Release|Any CPU
		{E047566D-8DC9-4434-A493-EC2A8DC81F1B}.Release|x86.ActiveCfg = Release|Any CPU
		{E047566D-8DC9-4434-A493-EC2A8DC81F1B}.Release|x86.Build.0 = Release|Any CPU
		{3814EC98-30A2-4384-A261-F37F5B25C190}.Debug|Any CPU.ActiveCfg = Debug|Any CPU
		{3814EC98-30A2-4384-A261-F37F5B25C190}.Debug|Any CPU.Build.0 = Debug|Any CPU
		{3814EC98-30A2-4384-A261-F37F5B25C190}.Debug|ARM.ActiveCfg = Debug|Any CPU
		{3814EC98-30A2-4384-A261-F37F5B25C190}.Debug|ARM.Build.0 = Debug|Any CPU
		{3814EC98-30A2-4384-A261-F37F5B25C190}.Debug|arm64.ActiveCfg = Debug|Any CPU
		{3814EC98-30A2-4384-A261-F37F5B25C190}.Debug|arm64.Build.0 = Debug|Any CPU
		{3814EC98-30A2-4384-A261-F37F5B25C190}.Debug|x64.ActiveCfg = Debug|Any CPU
		{3814EC98-30A2-4384-A261-F37F5B25C190}.Debug|x64.Build.0 = Debug|Any CPU
		{3814EC98-30A2-4384-A261-F37F5B25C190}.Debug|x86.ActiveCfg = Debug|Any CPU
		{3814EC98-30A2-4384-A261-F37F5B25C190}.Debug|x86.Build.0 = Debug|Any CPU
		{3814EC98-30A2-4384-A261-F37F5B25C190}.Release|Any CPU.ActiveCfg = Release|Any CPU
		{3814EC98-30A2-4384-A261-F37F5B25C190}.Release|Any CPU.Build.0 = Release|Any CPU
		{3814EC98-30A2-4384-A261-F37F5B25C190}.Release|ARM.ActiveCfg = Release|Any CPU
		{3814EC98-30A2-4384-A261-F37F5B25C190}.Release|ARM.Build.0 = Release|Any CPU
		{3814EC98-30A2-4384-A261-F37F5B25C190}.Release|arm64.ActiveCfg = Release|Any CPU
		{3814EC98-30A2-4384-A261-F37F5B25C190}.Release|arm64.Build.0 = Release|Any CPU
		{3814EC98-30A2-4384-A261-F37F5B25C190}.Release|x64.ActiveCfg = Release|Any CPU
		{3814EC98-30A2-4384-A261-F37F5B25C190}.Release|x64.Build.0 = Release|Any CPU
		{3814EC98-30A2-4384-A261-F37F5B25C190}.Release|x86.ActiveCfg = Release|Any CPU
		{3814EC98-30A2-4384-A261-F37F5B25C190}.Release|x86.Build.0 = Release|Any CPU
		{D7D29B49-E040-4BBA-B43D-5A249CC25103}.Debug|Any CPU.ActiveCfg = Debug|Any CPU
		{D7D29B49-E040-4BBA-B43D-5A249CC25103}.Debug|Any CPU.Build.0 = Debug|Any CPU
		{D7D29B49-E040-4BBA-B43D-5A249CC25103}.Debug|ARM.ActiveCfg = Debug|Any CPU
		{D7D29B49-E040-4BBA-B43D-5A249CC25103}.Debug|ARM.Build.0 = Debug|Any CPU
		{D7D29B49-E040-4BBA-B43D-5A249CC25103}.Debug|arm64.ActiveCfg = Debug|Any CPU
		{D7D29B49-E040-4BBA-B43D-5A249CC25103}.Debug|arm64.Build.0 = Debug|Any CPU
		{D7D29B49-E040-4BBA-B43D-5A249CC25103}.Debug|x64.ActiveCfg = Debug|Any CPU
		{D7D29B49-E040-4BBA-B43D-5A249CC25103}.Debug|x64.Build.0 = Debug|Any CPU
		{D7D29B49-E040-4BBA-B43D-5A249CC25103}.Debug|x86.ActiveCfg = Debug|Any CPU
		{D7D29B49-E040-4BBA-B43D-5A249CC25103}.Debug|x86.Build.0 = Debug|Any CPU
		{D7D29B49-E040-4BBA-B43D-5A249CC25103}.Release|Any CPU.ActiveCfg = Release|Any CPU
		{D7D29B49-E040-4BBA-B43D-5A249CC25103}.Release|Any CPU.Build.0 = Release|Any CPU
		{D7D29B49-E040-4BBA-B43D-5A249CC25103}.Release|ARM.ActiveCfg = Release|Any CPU
		{D7D29B49-E040-4BBA-B43D-5A249CC25103}.Release|ARM.Build.0 = Release|Any CPU
		{D7D29B49-E040-4BBA-B43D-5A249CC25103}.Release|arm64.ActiveCfg = Release|Any CPU
		{D7D29B49-E040-4BBA-B43D-5A249CC25103}.Release|arm64.Build.0 = Release|Any CPU
		{D7D29B49-E040-4BBA-B43D-5A249CC25103}.Release|x64.ActiveCfg = Release|Any CPU
		{D7D29B49-E040-4BBA-B43D-5A249CC25103}.Release|x64.Build.0 = Release|Any CPU
		{D7D29B49-E040-4BBA-B43D-5A249CC25103}.Release|x86.ActiveCfg = Release|Any CPU
		{D7D29B49-E040-4BBA-B43D-5A249CC25103}.Release|x86.Build.0 = Release|Any CPU
		{FC9783AA-472E-4A07-B346-6A6B17DDBE0A}.Debug|Any CPU.ActiveCfg = Debug|Any CPU
		{FC9783AA-472E-4A07-B346-6A6B17DDBE0A}.Debug|Any CPU.Build.0 = Debug|Any CPU
		{FC9783AA-472E-4A07-B346-6A6B17DDBE0A}.Debug|ARM.ActiveCfg = Debug|Any CPU
		{FC9783AA-472E-4A07-B346-6A6B17DDBE0A}.Debug|ARM.Build.0 = Debug|Any CPU
		{FC9783AA-472E-4A07-B346-6A6B17DDBE0A}.Debug|arm64.ActiveCfg = Debug|Any CPU
		{FC9783AA-472E-4A07-B346-6A6B17DDBE0A}.Debug|arm64.Build.0 = Debug|Any CPU
		{FC9783AA-472E-4A07-B346-6A6B17DDBE0A}.Debug|x64.ActiveCfg = Debug|Any CPU
		{FC9783AA-472E-4A07-B346-6A6B17DDBE0A}.Debug|x64.Build.0 = Debug|Any CPU
		{FC9783AA-472E-4A07-B346-6A6B17DDBE0A}.Debug|x86.ActiveCfg = Debug|Any CPU
		{FC9783AA-472E-4A07-B346-6A6B17DDBE0A}.Debug|x86.Build.0 = Debug|Any CPU
		{FC9783AA-472E-4A07-B346-6A6B17DDBE0A}.Release|Any CPU.ActiveCfg = Release|Any CPU
		{FC9783AA-472E-4A07-B346-6A6B17DDBE0A}.Release|Any CPU.Build.0 = Release|Any CPU
		{FC9783AA-472E-4A07-B346-6A6B17DDBE0A}.Release|ARM.ActiveCfg = Release|Any CPU
		{FC9783AA-472E-4A07-B346-6A6B17DDBE0A}.Release|ARM.Build.0 = Release|Any CPU
		{FC9783AA-472E-4A07-B346-6A6B17DDBE0A}.Release|arm64.ActiveCfg = Release|Any CPU
		{FC9783AA-472E-4A07-B346-6A6B17DDBE0A}.Release|arm64.Build.0 = Release|Any CPU
		{FC9783AA-472E-4A07-B346-6A6B17DDBE0A}.Release|x64.ActiveCfg = Release|Any CPU
		{FC9783AA-472E-4A07-B346-6A6B17DDBE0A}.Release|x64.Build.0 = Release|Any CPU
		{FC9783AA-472E-4A07-B346-6A6B17DDBE0A}.Release|x86.ActiveCfg = Release|Any CPU
		{FC9783AA-472E-4A07-B346-6A6B17DDBE0A}.Release|x86.Build.0 = Release|Any CPU
		{0DE9F79C-3E96-4961-BDC8-3CA2B60BF051}.Debug|Any CPU.ActiveCfg = Debug|Any CPU
		{0DE9F79C-3E96-4961-BDC8-3CA2B60BF051}.Debug|Any CPU.Build.0 = Debug|Any CPU
		{0DE9F79C-3E96-4961-BDC8-3CA2B60BF051}.Debug|ARM.ActiveCfg = Debug|Any CPU
		{0DE9F79C-3E96-4961-BDC8-3CA2B60BF051}.Debug|ARM.Build.0 = Debug|Any CPU
		{0DE9F79C-3E96-4961-BDC8-3CA2B60BF051}.Debug|arm64.ActiveCfg = Debug|Any CPU
		{0DE9F79C-3E96-4961-BDC8-3CA2B60BF051}.Debug|arm64.Build.0 = Debug|Any CPU
		{0DE9F79C-3E96-4961-BDC8-3CA2B60BF051}.Debug|x64.ActiveCfg = Debug|Any CPU
		{0DE9F79C-3E96-4961-BDC8-3CA2B60BF051}.Debug|x64.Build.0 = Debug|Any CPU
		{0DE9F79C-3E96-4961-BDC8-3CA2B60BF051}.Debug|x86.ActiveCfg = Debug|Any CPU
		{0DE9F79C-3E96-4961-BDC8-3CA2B60BF051}.Debug|x86.Build.0 = Debug|Any CPU
		{0DE9F79C-3E96-4961-BDC8-3CA2B60BF051}.Release|Any CPU.ActiveCfg = Release|Any CPU
		{0DE9F79C-3E96-4961-BDC8-3CA2B60BF051}.Release|Any CPU.Build.0 = Release|Any CPU
		{0DE9F79C-3E96-4961-BDC8-3CA2B60BF051}.Release|ARM.ActiveCfg = Release|Any CPU
		{0DE9F79C-3E96-4961-BDC8-3CA2B60BF051}.Release|ARM.Build.0 = Release|Any CPU
		{0DE9F79C-3E96-4961-BDC8-3CA2B60BF051}.Release|arm64.ActiveCfg = Release|Any CPU
		{0DE9F79C-3E96-4961-BDC8-3CA2B60BF051}.Release|arm64.Build.0 = Release|Any CPU
		{0DE9F79C-3E96-4961-BDC8-3CA2B60BF051}.Release|x64.ActiveCfg = Release|Any CPU
		{0DE9F79C-3E96-4961-BDC8-3CA2B60BF051}.Release|x64.Build.0 = Release|Any CPU
		{0DE9F79C-3E96-4961-BDC8-3CA2B60BF051}.Release|x86.ActiveCfg = Release|Any CPU
		{0DE9F79C-3E96-4961-BDC8-3CA2B60BF051}.Release|x86.Build.0 = Release|Any CPU
		{FF1F222C-1F08-46F9-BA48-41FEAE01CBCF}.Debug|Any CPU.ActiveCfg = Debug|Any CPU
		{FF1F222C-1F08-46F9-BA48-41FEAE01CBCF}.Debug|Any CPU.Build.0 = Debug|Any CPU
		{FF1F222C-1F08-46F9-BA48-41FEAE01CBCF}.Debug|ARM.ActiveCfg = Debug|Any CPU
		{FF1F222C-1F08-46F9-BA48-41FEAE01CBCF}.Debug|ARM.Build.0 = Debug|Any CPU
		{FF1F222C-1F08-46F9-BA48-41FEAE01CBCF}.Debug|arm64.ActiveCfg = Debug|Any CPU
		{FF1F222C-1F08-46F9-BA48-41FEAE01CBCF}.Debug|arm64.Build.0 = Debug|Any CPU
		{FF1F222C-1F08-46F9-BA48-41FEAE01CBCF}.Debug|x64.ActiveCfg = Debug|Any CPU
		{FF1F222C-1F08-46F9-BA48-41FEAE01CBCF}.Debug|x64.Build.0 = Debug|Any CPU
		{FF1F222C-1F08-46F9-BA48-41FEAE01CBCF}.Debug|x86.ActiveCfg = Debug|Any CPU
		{FF1F222C-1F08-46F9-BA48-41FEAE01CBCF}.Debug|x86.Build.0 = Debug|Any CPU
		{FF1F222C-1F08-46F9-BA48-41FEAE01CBCF}.Release|Any CPU.ActiveCfg = Release|Any CPU
		{FF1F222C-1F08-46F9-BA48-41FEAE01CBCF}.Release|Any CPU.Build.0 = Release|Any CPU
		{FF1F222C-1F08-46F9-BA48-41FEAE01CBCF}.Release|ARM.ActiveCfg = Release|Any CPU
		{FF1F222C-1F08-46F9-BA48-41FEAE01CBCF}.Release|ARM.Build.0 = Release|Any CPU
		{FF1F222C-1F08-46F9-BA48-41FEAE01CBCF}.Release|arm64.ActiveCfg = Release|Any CPU
		{FF1F222C-1F08-46F9-BA48-41FEAE01CBCF}.Release|arm64.Build.0 = Release|Any CPU
		{FF1F222C-1F08-46F9-BA48-41FEAE01CBCF}.Release|x64.ActiveCfg = Release|Any CPU
		{FF1F222C-1F08-46F9-BA48-41FEAE01CBCF}.Release|x64.Build.0 = Release|Any CPU
		{FF1F222C-1F08-46F9-BA48-41FEAE01CBCF}.Release|x86.ActiveCfg = Release|Any CPU
		{FF1F222C-1F08-46F9-BA48-41FEAE01CBCF}.Release|x86.Build.0 = Release|Any CPU
	EndGlobalSection
	GlobalSection(SolutionProperties) = preSolution
		HideSolutionNode = FALSE
	EndGlobalSection
	GlobalSection(NestedProjects) = preSolution
		{25E33381-06C1-4AC0-B875-622F01B1359A} = {A81088C2-A6AF-4CB6-8F36-DF8C0E6D45B3}
		{65786107-E646-452E-B899-EDD26D09E401} = {A81088C2-A6AF-4CB6-8F36-DF8C0E6D45B3}
		{16A17957-6DE3-4874-B0B6-08404C23FBBE} = {A81088C2-A6AF-4CB6-8F36-DF8C0E6D45B3}
		{F5EB3A73-1D93-42F7-9757-26B486D74592} = {A81088C2-A6AF-4CB6-8F36-DF8C0E6D45B3}
		{A7ED566D-2E7E-4A3C-8A91-874B4DFAB115} = {A81088C2-A6AF-4CB6-8F36-DF8C0E6D45B3}
		{74CCD32D-DBCD-43C6-9DE1-7148D09B4ECF} = {A81088C2-A6AF-4CB6-8F36-DF8C0E6D45B3}
		{612C6672-9991-4DAA-AE72-1FD2194528CD} = {A81088C2-A6AF-4CB6-8F36-DF8C0E6D45B3}
		{A5ED6C75-E468-4819-A513-EEBE49B7DAF4} = {464A41EC-E4D1-4BC3-93BD-A48E3449A4BD}
		{2F17A5A4-B5CD-470D-9711-F9B1E24EA1AC} = {464A41EC-E4D1-4BC3-93BD-A48E3449A4BD}
		{2B65E186-B9E6-4CEF-9AE6-478C6DE59BC4} = {464A41EC-E4D1-4BC3-93BD-A48E3449A4BD}
		{70B22142-13ED-444F-B6A7-4583505EC8DB} = {464A41EC-E4D1-4BC3-93BD-A48E3449A4BD}
		{E84AFC6C-DF9C-44C6-8878-52560A351EC3} = {464A41EC-E4D1-4BC3-93BD-A48E3449A4BD}
		{41636DB3-9F07-47F0-9C4E-44C5DECE1119} = {A81088C2-A6AF-4CB6-8F36-DF8C0E6D45B3}
		{2B9BACA3-7166-4276-BC84-BF38536F6165} = {464A41EC-E4D1-4BC3-93BD-A48E3449A4BD}
		{F9B19604-7CC7-4CB0-97A2-93C3F12F9F0B} = {A2E06CAF-95FD-4CA1-A5DC-40E6F7BE0544}
		{E047566D-8DC9-4434-A493-EC2A8DC81F1B} = {D973995E-E7ED-4FBD-BFE2-9E8E212E2675}
		{3814EC98-30A2-4384-A261-F37F5B25C190} = {D973995E-E7ED-4FBD-BFE2-9E8E212E2675}
		{E0DB62E9-38FB-4706-8E05-10CF403CDD1A} = {464A41EC-E4D1-4BC3-93BD-A48E3449A4BD}
		{D7D29B49-E040-4BBA-B43D-5A249CC25103} = {E0DB62E9-38FB-4706-8E05-10CF403CDD1A}
		{FC9783AA-472E-4A07-B346-6A6B17DDBE0A} = {E0DB62E9-38FB-4706-8E05-10CF403CDD1A}
		{0DE9F79C-3E96-4961-BDC8-3CA2B60BF051} = {E0DB62E9-38FB-4706-8E05-10CF403CDD1A}
		{FF1F222C-1F08-46F9-BA48-41FEAE01CBCF} = {464A41EC-E4D1-4BC3-93BD-A48E3449A4BD}
	EndGlobalSection
	GlobalSection(ExtensibilityGlobals) = postSolution
		SolutionGuid = {6AF160D8-AC25-4835-84D4-A42A72264F88}
	EndGlobalSection
	GlobalSection(SharedMSBuildProjectFiles) = preSolution
		src\libs\Mvvm.Navigation.Shared\Mvvm.Navigation.Shared.projitems*{16a17957-6de3-4874-b0b6-08404c23fbbe}*SharedItemsImports = 5
		src\libs\Mvvm.Navigation.Shared\Mvvm.Navigation.Shared.projitems*{612c6672-9991-4daa-ae72-1fd2194528cd}*SharedItemsImports = 5
		src\libs\Mvvm.Navigation.Shared\Mvvm.Navigation.Shared.projitems*{65786107-e646-452e-b899-edd26d09e401}*SharedItemsImports = 5
		src\apps\Mvvm.Apps.Shared\Mvvm.Apps.Shared.projitems*{70b22142-13ed-444f-b6a7-4583505ec8db}*SharedItemsImports = 5
		src\apps\Mvvm.Apps.Uno.Shared\Mvvm.Apps.Uno.Shared.projitems*{70b22142-13ed-444f-b6a7-4583505ec8db}*SharedItemsImports = 5
		src\libs\Mvvm.Navigation.Shared\Mvvm.Navigation.Shared.projitems*{74ccd32d-dbcd-43c6-9de1-7148d09b4ecf}*SharedItemsImports = 5
		src\libs\Mvvm.Navigation.Shared\Mvvm.Navigation.Shared.projitems*{a7ed566d-2e7e-4a3c-8a91-874b4dfab115}*SharedItemsImports = 5
		src\apps\Mvvm.Apps.Shared\Mvvm.Apps.Shared.projitems*{e84afc6c-df9c-44c6-8878-52560a351ec3}*SharedItemsImports = 5
		src\libs\Mvvm.Navigation.Shared\Mvvm.Navigation.Shared.projitems*{f5eb3a73-1d93-42f7-9757-26b486d74592}*SharedItemsImports = 5
	EndGlobalSection
EndGlobal
